
Microsoft Visual Studio Solution File, Format Version 12.00
# Visual Studio Version 17
VisualStudioVersion = 17.2.32616.157
MinimumVisualStudioVersion = 10.0.40219.1
Project("{9A19103F-16F7-4668-BE54-9A1E7A4F7556}") = "RightMove", "RightMove\RightMove.csproj", "{C9B801BC-18E3-4E86-B78F-721E0FA422FC}"
EndProject
Project("{9A19103F-16F7-4668-BE54-9A1E7A4F7556}") = "Utilities", "Utilities\Utilities.csproj", "{8E83145E-E4A9-4B2C-B7DE-F3E7C61E2F37}"
EndProject
Project("{9A19103F-16F7-4668-BE54-9A1E7A4F7556}") = "RightMove.Tests", "RightMoveTests\RightMove.Tests.csproj", "{9FFB0B82-BED5-46EA-AD94-0F14AACAE44D}"
EndProject
Project("{9A19103F-16F7-4668-BE54-9A1E7A4F7556}") = "RightMoveConsole", "RightMoveConsole\RightMoveConsole.csproj", "{6EA2322C-699E-4EC5-A26D-E05E133B7883}"
EndProject
Project("{9A19103F-16F7-4668-BE54-9A1E7A4F7556}") = "RightMove.Db", "RightMove.Db\RightMove.Db.csproj", "{D41F221F-B00C-41CA-8EA5-AEDD21FC7086}"
EndProject
Project("{9A19103F-16F7-4668-BE54-9A1E7A4F7556}") = "RightMove.Console.Tests", "RightMove.Console.Tests\RightMove.Console.Tests.csproj", "{6A23430F-1094-46DE-A8A5-2AFEF2DED1EB}"
EndProject
Project("{9A19103F-16F7-4668-BE54-9A1E7A4F7556}") = "RightMove.Services", "RightMove.Services\RightMove.Services.csproj", "{D0271E1F-B926-4EBE-9266-C139F6C3AD8F}"
EndProject
Project("{9A19103F-16F7-4668-BE54-9A1E7A4F7556}") = "RightMove.Web", "RightMove.Web\RightMove.Web.csproj", "{22B9A950-F082-468A-B23B-77C7DF80CC8F}"
EndProject
Project("{FAE04EC0-301F-11D3-BF4B-00C04F79EFBC}") = "RightMove.Web.Dto", "RightMove.Web.Dto\RightMove.Web.Dto.csproj", "{AD90D82F-10E9-4ED5-984A-C8AE9DF91AC6}"
EndProject
Global
	GlobalSection(SolutionConfigurationPlatforms) = preSolution
		Debug|Any CPU = Debug|Any CPU
		Release|Any CPU = Release|Any CPU
	EndGlobalSection
	GlobalSection(ProjectConfigurationPlatforms) = postSolution
		{C9B801BC-18E3-4E86-B78F-721E0FA422FC}.Debug|Any CPU.ActiveCfg = Debug|Any CPU
		{C9B801BC-18E3-4E86-B78F-721E0FA422FC}.Debug|Any CPU.Build.0 = Debug|Any CPU
		{C9B801BC-18E3-4E86-B78F-721E0FA422FC}.Release|Any CPU.ActiveCfg = Release|Any CPU
		{C9B801BC-18E3-4E86-B78F-721E0FA422FC}.Release|Any CPU.Build.0 = Release|Any CPU
		{8E83145E-E4A9-4B2C-B7DE-F3E7C61E2F37}.Debug|Any CPU.ActiveCfg = Debug|Any CPU
		{8E83145E-E4A9-4B2C-B7DE-F3E7C61E2F37}.Debug|Any CPU.Build.0 = Debug|Any CPU
		{8E83145E-E4A9-4B2C-B7DE-F3E7C61E2F37}.Release|Any CPU.ActiveCfg = Release|Any CPU
		{8E83145E-E4A9-4B2C-B7DE-F3E7C61E2F37}.Release|Any CPU.Build.0 = Release|Any CPU
		{9FFB0B82-BED5-46EA-AD94-0F14AACAE44D}.Debug|Any CPU.ActiveCfg = Debug|Any CPU
		{9FFB0B82-BED5-46EA-AD94-0F14AACAE44D}.Debug|Any CPU.Build.0 = Debug|Any CPU
		{9FFB0B82-BED5-46EA-AD94-0F14AACAE44D}.Release|Any CPU.ActiveCfg = Release|Any CPU
		{9FFB0B82-BED5-46EA-AD94-0F14AACAE44D}.Release|Any CPU.Build.0 = Release|Any CPU
		{6EA2322C-699E-4EC5-A26D-E05E133B7883}.Debug|Any CPU.ActiveCfg = Debug|Any CPU
		{6EA2322C-699E-4EC5-A26D-E05E133B7883}.Debug|Any CPU.Build.0 = Debug|Any CPU
		{6EA2322C-699E-4EC5-A26D-E05E133B7883}.Release|Any CPU.ActiveCfg = Release|Any CPU
		{6EA2322C-699E-4EC5-A26D-E05E133B7883}.Release|Any CPU.Build.0 = Release|Any CPU
		{D41F221F-B00C-41CA-8EA5-AEDD21FC7086}.Debug|Any CPU.ActiveCfg = Debug|Any CPU
		{D41F221F-B00C-41CA-8EA5-AEDD21FC7086}.Debug|Any CPU.Build.0 = Debug|Any CPU
		{D41F221F-B00C-41CA-8EA5-AEDD21FC7086}.Release|Any CPU.ActiveCfg = Release|Any CPU
		{D41F221F-B00C-41CA-8EA5-AEDD21FC7086}.Release|Any CPU.Build.0 = Release|Any CPU
		{6A23430F-1094-46DE-A8A5-2AFEF2DED1EB}.Debug|Any CPU.ActiveCfg = Debug|Any CPU
		{6A23430F-1094-46DE-A8A5-2AFEF2DED1EB}.Debug|Any CPU.Build.0 = Debug|Any CPU
		{6A23430F-1094-46DE-A8A5-2AFEF2DED1EB}.Release|Any CPU.ActiveCfg = Release|Any CPU
		{6A23430F-1094-46DE-A8A5-2AFEF2DED1EB}.Release|Any CPU.Build.0 = Release|Any CPU
		{D0271E1F-B926-4EBE-9266-C139F6C3AD8F}.Debug|Any CPU.ActiveCfg = Debug|Any CPU
		{D0271E1F-B926-4EBE-9266-C139F6C3AD8F}.Debug|Any CPU.Build.0 = Debug|Any CPU
		{D0271E1F-B926-4EBE-9266-C139F6C3AD8F}.Release|Any CPU.ActiveCfg = Release|Any CPU
		{D0271E1F-B926-4EBE-9266-C139F6C3AD8F}.Release|Any CPU.Build.0 = Release|Any CPU
		{22B9A950-F082-468A-B23B-77C7DF80CC8F}.Debug|Any CPU.ActiveCfg = Debug|Any CPU
		{22B9A950-F082-468A-B23B-77C7DF80CC8F}.Debug|Any CPU.Build.0 = Debug|Any CPU
		{22B9A950-F082-468A-B23B-77C7DF80CC8F}.Release|Any CPU.ActiveCfg = Release|Any CPU
		{22B9A950-F082-468A-B23B-77C7DF80CC8F}.Release|Any CPU.Build.0 = Release|Any CPU
		{AD90D82F-10E9-4ED5-984A-C8AE9DF91AC6}.Debug|Any CPU.ActiveCfg = Debug|Any CPU
		{AD90D82F-10E9-4ED5-984A-C8AE9DF91AC6}.Debug|Any CPU.Build.0 = Debug|Any CPU
		{AD90D82F-10E9-4ED5-984A-C8AE9DF91AC6}.Release|Any CPU.ActiveCfg = Release|Any CPU
		{AD90D82F-10E9-4ED5-984A-C8AE9DF91AC6}.Release|Any CPU.Build.0 = Release|Any CPU
	EndGlobalSection
	GlobalSection(SolutionProperties) = preSolution
		HideSolutionNode = FALSE
	EndGlobalSection
	GlobalSection(ExtensibilityGlobals) = postSolution
		SolutionGuid = {E42DB529-B976-4097-B275-C7D01ABF06F3}
	EndGlobalSection
EndGlobal
